// !$*UTF8*$!
{
	archiveVersion = 1;
	classes = {
	};
	objectVersion = 46;
	objects = {

/* Begin PBXBuildFile section */
		60025F3560DE3C8E3D75EB82 /* ofxFTGLFont.cpp in Sources */ = {isa = PBXBuildFile; fileRef = E612CCF397977E5C4BF6BC94 /* ofxFTGLFont.cpp */; };
		676FD24AABFA7205A11029FB /* ofxFTGLSimpleLayout.cpp in Sources */ = {isa = PBXBuildFile; fileRef = 3C6AB2D7EED3856AAA37E28C /* ofxFTGLSimpleLayout.cpp */; };
		85F69E871AFD391200382168 /* CoreMedia.framework in Frameworks */ = {isa = PBXBuildFile; fileRef = 85F69E861AFD391200382168 /* CoreMedia.framework */; };
		85F69E8B1AFD393300382168 /* CoreAudio.framework in Frameworks */ = {isa = PBXBuildFile; fileRef = 85F69E881AFD393300382168 /* CoreAudio.framework */; };
		85F69E8C1AFD393300382168 /* CoreGraphics.framework in Frameworks */ = {isa = PBXBuildFile; fileRef = 85F69E891AFD393300382168 /* CoreGraphics.framework */; };
		85F69E8D1AFD393300382168 /* CoreVideo.framework in Frameworks */ = {isa = PBXBuildFile; fileRef = 85F69E8A1AFD393300382168 /* CoreVideo.framework */; };
		85F69E8F1AFD395000382168 /* CFNetwork.framework in Frameworks */ = {isa = PBXBuildFile; fileRef = 85F69E8E1AFD395000382168 /* CFNetwork.framework */; };
		85F69E911AFD395A00382168 /* CoreData.framework in Frameworks */ = {isa = PBXBuildFile; fileRef = 85F69E901AFD395A00382168 /* CoreData.framework */; };
		85F69E931AFD397100382168 /* CoreAudioKit.framework in Frameworks */ = {isa = PBXBuildFile; fileRef = 85F69E921AFD397100382168 /* CoreAudioKit.framework */; };
		85F69E951AFD397E00382168 /* Foundation.framework in Frameworks */ = {isa = PBXBuildFile; fileRef = 85F69E941AFD397E00382168 /* Foundation.framework */; };
		85F69E971AFD398600382168 /* GLUT.framework in Frameworks */ = {isa = PBXBuildFile; fileRef = 85F69E961AFD398600382168 /* GLUT.framework */; };
		85F69E991AFD399300382168 /* IOKit.framework in Frameworks */ = {isa = PBXBuildFile; fileRef = 85F69E981AFD399300382168 /* IOKit.framework */; };
		85F69EA21AFD39F400382168 /* AVFoundation.framework in Frameworks */ = {isa = PBXBuildFile; fileRef = 85F69EA11AFD39F400382168 /* AVFoundation.framework */; };
		85F69EA41AFD3A2E00382168 /* QuartzCore.framework in Frameworks */ = {isa = PBXBuildFile; fileRef = 85F69EA31AFD3A2E00382168 /* QuartzCore.framework */; };
		85F69EA61AFD3A3500382168 /* Accelerate.framework in Frameworks */ = {isa = PBXBuildFile; fileRef = 85F69EA51AFD3A3500382168 /* Accelerate.framework */; };
		85F69EA81AFD3A4300382168 /* QTKit.framework in Frameworks */ = {isa = PBXBuildFile; fileRef = 85F69EA71AFD3A4300382168 /* QTKit.framework */; };
		85F69EAE1AFD3A9700382168 /* AGL.framework in Frameworks */ = {isa = PBXBuildFile; fileRef = 85F69EA91AFD3A9700382168 /* AGL.framework */; };
		85F69EAF1AFD3A9800382168 /* AppKit.framework in Frameworks */ = {isa = PBXBuildFile; fileRef = 85F69EAA1AFD3A9700382168 /* AppKit.framework */; };
		85F69EB01AFD3A9800382168 /* ApplicationServices.framework in Frameworks */ = {isa = PBXBuildFile; fileRef = 85F69EAB1AFD3A9700382168 /* ApplicationServices.framework */; };
		85F69EB11AFD3A9800382168 /* OpenGL.framework in Frameworks */ = {isa = PBXBuildFile; fileRef = 85F69EAC1AFD3A9700382168 /* OpenGL.framework */; };
		85F69EB21AFD3A9800382168 /* QuickTime.framework in Frameworks */ = {isa = PBXBuildFile; fileRef = 85F69EAD1AFD3A9700382168 /* QuickTime.framework */; };
		E4328149138ABC9F0047C5CB /* openFrameworksDebug.a in Frameworks */ = {isa = PBXBuildFile; fileRef = E4328148138ABC890047C5CB /* openFrameworksDebug.a */; };
		E4B69E200A3A1BDC003C02F2 /* main.cpp in Sources */ = {isa = PBXBuildFile; fileRef = E4B69E1D0A3A1BDC003C02F2 /* main.cpp */; };
		E4B69E210A3A1BDC003C02F2 /* ofApp.cpp in Sources */ = {isa = PBXBuildFile; fileRef = E4B69E1E0A3A1BDC003C02F2 /* ofApp.cpp */; };
/* End PBXBuildFile section */

/* Begin PBXContainerItemProxy section */
		E4328147138ABC890047C5CB /* PBXContainerItemProxy */ = {
			isa = PBXContainerItemProxy;
			containerPortal = E4328143138ABC890047C5CB /* openFrameworksLib.xcodeproj */;
			proxyType = 2;
			remoteGlobalIDString = E4B27C1510CBEB8E00536013;
			remoteInfo = openFrameworks;
		};
		E4EEB9AB138B136A00A80321 /* PBXContainerItemProxy */ = {
			isa = PBXContainerItemProxy;
			containerPortal = E4328143138ABC890047C5CB /* openFrameworksLib.xcodeproj */;
			proxyType = 1;
			remoteGlobalIDString = E4B27C1410CBEB8E00536013;
			remoteInfo = openFrameworks;
		};
/* End PBXContainerItemProxy section */

/* Begin PBXCopyFilesBuildPhase section */
		E4C2427710CC5ABF004149E2 /* CopyFiles */ = {
			isa = PBXCopyFilesBuildPhase;
			buildActionMask = 2147483647;
			dstPath = "";
			dstSubfolderSpec = 10;
			files = (
			);
			runOnlyForDeploymentPostprocessing = 0;
		};
/* End PBXCopyFilesBuildPhase section */

/* Begin PBXFileReference section */
		13D4661604F5BABF84DAA315 /* FTBufferFont.h */ = {isa = PBXFileReference; explicitFileType = sourcecode.c.h; fileEncoding = 30; name = FTBufferFont.h; path = ../../../addons/ofxFTGL/libs/FTGL/include/FTGL/FTBufferFont.h; sourceTree = SOURCE_ROOT; };
		19ADE7F5C5EDF826406FC4CC /* FTBBox.h */ = {isa = PBXFileReference; explicitFileType = sourcecode.c.h; fileEncoding = 30; name = FTBBox.h; path = ../../../addons/ofxFTGL/libs/FTGL/include/FTGL/FTBBox.h; sourceTree = SOURCE_ROOT; };
		1ACFA260BE58B7A36EEA1448 /* ofxFTGLFont.h */ = {isa = PBXFileReference; explicitFileType = sourcecode.c.h; fileEncoding = 30; name = ofxFTGLFont.h; path = ../../../addons/ofxFTGL/src/ofxFTGLFont.h; sourceTree = SOURCE_ROOT; };
		29A2F28C1DE66F8FD733FB33 /* FTTextureGlyph.h */ = {isa = PBXFileReference; explicitFileType = sourcecode.c.h; fileEncoding = 30; name = FTTextureGlyph.h; path = ../../../addons/ofxFTGL/libs/FTGL/include/FTGL/FTTextureGlyph.h; sourceTree = SOURCE_ROOT; };
		388AAF8A80C304BB3E971E09 /* FTGLBitmapFont.h */ = {isa = PBXFileReference; explicitFileType = sourcecode.c.h; fileEncoding = 30; name = FTGLBitmapFont.h; path = ../../../addons/ofxFTGL/libs/FTGL/include/FTGL/FTGLBitmapFont.h; sourceTree = SOURCE_ROOT; };
		3C6AB2D7EED3856AAA37E28C /* ofxFTGLSimpleLayout.cpp */ = {isa = PBXFileReference; explicitFileType = sourcecode.cpp.cpp; fileEncoding = 30; name = ofxFTGLSimpleLayout.cpp; path = ../../../addons/ofxFTGL/src/ofxFTGLSimpleLayout.cpp; sourceTree = SOURCE_ROOT; };
		4637FF94637045047AAAEEAD /* ofxFTGL.h */ = {isa = PBXFileReference; explicitFileType = sourcecode.c.h; fileEncoding = 30; name = ofxFTGL.h; path = ../../../addons/ofxFTGL/src/ofxFTGL.h; sourceTree = SOURCE_ROOT; };
		537D6C28C3F9AF8D0847BE79 /* ofxFTGLSimpleLayout.h */ = {isa = PBXFileReference; explicitFileType = sourcecode.c.h; fileEncoding = 30; name = ofxFTGLSimpleLayout.h; path = ../../../addons/ofxFTGL/src/ofxFTGLSimpleLayout.h; sourceTree = SOURCE_ROOT; };
		5618C888C969D754438F104C /* ftgl.h */ = {isa = PBXFileReference; explicitFileType = sourcecode.c.h; fileEncoding = 30; name = ftgl.h; path = ../../../addons/ofxFTGL/libs/FTGL/include/FTGL/ftgl.h; sourceTree = SOURCE_ROOT; };
		568E8FD76B1735A21AA12648 /* FTGlyph.h */ = {isa = PBXFileReference; explicitFileType = sourcecode.c.h; fileEncoding = 30; name = FTGlyph.h; path = ../../../addons/ofxFTGL/libs/FTGL/include/FTGL/FTGlyph.h; sourceTree = SOURCE_ROOT; };
		5EBA497D05DA95E2A6F44281 /* FTBitmapGlyph.h */ = {isa = PBXFileReference; explicitFileType = sourcecode.c.h; fileEncoding = 30; name = FTBitmapGlyph.h; path = ../../../addons/ofxFTGL/libs/FTGL/include/FTGL/FTBitmapGlyph.h; sourceTree = SOURCE_ROOT; };
		5F73C5F56BF6015BB35D2CD7 /* FTGLPixmapFont.h */ = {isa = PBXFileReference; explicitFileType = sourcecode.c.h; fileEncoding = 30; name = FTGLPixmapFont.h; path = ../../../addons/ofxFTGL/libs/FTGL/include/FTGL/FTGLPixmapFont.h; sourceTree = SOURCE_ROOT; };
		696049968167E0FE3ECBD586 /* FTGLOutlineFont.h */ = {isa = PBXFileReference; explicitFileType = sourcecode.c.h; fileEncoding = 30; name = FTGLOutlineFont.h; path = ../../../addons/ofxFTGL/libs/FTGL/include/FTGL/FTGLOutlineFont.h; sourceTree = SOURCE_ROOT; };
		78A64E16FC3B0CAC6CB5899C /* FTBuffer.h */ = {isa = PBXFileReference; explicitFileType = sourcecode.c.h; fileEncoding = 30; name = FTBuffer.h; path = ../../../addons/ofxFTGL/libs/FTGL/include/FTGL/FTBuffer.h; sourceTree = SOURCE_ROOT; };
		7FCF5E91B968C17A96449D24 /* FTPixmapGlyph.h */ = {isa = PBXFileReference; explicitFileType = sourcecode.c.h; fileEncoding = 30; name = FTPixmapGlyph.h; path = ../../../addons/ofxFTGL/libs/FTGL/include/FTGL/FTPixmapGlyph.h; sourceTree = SOURCE_ROOT; };
		85F69E861AFD391200382168 /* CoreMedia.framework */ = {isa = PBXFileReference; lastKnownFileType = wrapper.framework; name = CoreMedia.framework; path = System/Library/Frameworks/CoreMedia.framework; sourceTree = SDKROOT; };
		85F69E881AFD393300382168 /* CoreAudio.framework */ = {isa = PBXFileReference; lastKnownFileType = wrapper.framework; name = CoreAudio.framework; path = System/Library/Frameworks/CoreAudio.framework; sourceTree = SDKROOT; };
		85F69E891AFD393300382168 /* CoreGraphics.framework */ = {isa = PBXFileReference; lastKnownFileType = wrapper.framework; name = CoreGraphics.framework; path = System/Library/Frameworks/CoreGraphics.framework; sourceTree = SDKROOT; };
		85F69E8A1AFD393300382168 /* CoreVideo.framework */ = {isa = PBXFileReference; lastKnownFileType = wrapper.framework; name = CoreVideo.framework; path = System/Library/Frameworks/CoreVideo.framework; sourceTree = SDKROOT; };
		85F69E8E1AFD395000382168 /* CFNetwork.framework */ = {isa = PBXFileReference; lastKnownFileType = wrapper.framework; name = CFNetwork.framework; path = System/Library/Frameworks/CFNetwork.framework; sourceTree = SDKROOT; };
		85F69E901AFD395A00382168 /* CoreData.framework */ = {isa = PBXFileReference; lastKnownFileType = wrapper.framework; name = CoreData.framework; path = System/Library/Frameworks/CoreData.framework; sourceTree = SDKROOT; };
		85F69E921AFD397100382168 /* CoreAudioKit.framework */ = {isa = PBXFileReference; lastKnownFileType = wrapper.framework; name = CoreAudioKit.framework; path = System/Library/Frameworks/CoreAudioKit.framework; sourceTree = SDKROOT; };
		85F69E941AFD397E00382168 /* Foundation.framework */ = {isa = PBXFileReference; lastKnownFileType = wrapper.framework; name = Foundation.framework; path = System/Library/Frameworks/Foundation.framework; sourceTree = SDKROOT; };
		85F69E961AFD398600382168 /* GLUT.framework */ = {isa = PBXFileReference; lastKnownFileType = wrapper.framework; name = GLUT.framework; path = System/Library/Frameworks/GLUT.framework; sourceTree = SDKROOT; };
		85F69E981AFD399300382168 /* IOKit.framework */ = {isa = PBXFileReference; lastKnownFileType = wrapper.framework; name = IOKit.framework; path = System/Library/Frameworks/IOKit.framework; sourceTree = SDKROOT; };
		85F69E9A1AFD399A00382168 /* GLKit.framework */ = {isa = PBXFileReference; lastKnownFileType = wrapper.framework; name = GLKit.framework; path = System/Library/Frameworks/GLKit.framework; sourceTree = SDKROOT; };
		85F69E9C1AFD39AC00382168 /* Carbon.framework */ = {isa = PBXFileReference; lastKnownFileType = wrapper.framework; name = Carbon.framework; path = System/Library/Frameworks/Carbon.framework; sourceTree = SDKROOT; };
		85F69E9E1AFD39C100382168 /* AVKit.framework */ = {isa = PBXFileReference; lastKnownFileType = wrapper.framework; name = AVKit.framework; path = System/Library/Frameworks/AVKit.framework; sourceTree = SDKROOT; };
		85F69EA11AFD39F400382168 /* AVFoundation.framework */ = {isa = PBXFileReference; lastKnownFileType = wrapper.framework; name = AVFoundation.framework; path = System/Library/Frameworks/AVFoundation.framework; sourceTree = SDKROOT; };
		85F69EA31AFD3A2E00382168 /* QuartzCore.framework */ = {isa = PBXFileReference; lastKnownFileType = wrapper.framework; name = QuartzCore.framework; path = System/Library/Frameworks/QuartzCore.framework; sourceTree = SDKROOT; };
		85F69EA51AFD3A3500382168 /* Accelerate.framework */ = {isa = PBXFileReference; lastKnownFileType = wrapper.framework; name = Accelerate.framework; path = System/Library/Frameworks/Accelerate.framework; sourceTree = SDKROOT; };
		85F69EA71AFD3A4300382168 /* QTKit.framework */ = {isa = PBXFileReference; lastKnownFileType = wrapper.framework; name = QTKit.framework; path = System/Library/Frameworks/QTKit.framework; sourceTree = SDKROOT; };
		85F69EA91AFD3A9700382168 /* AGL.framework */ = {isa = PBXFileReference; lastKnownFileType = wrapper.framework; name = AGL.framework; path = System/Library/Frameworks/AGL.framework; sourceTree = SDKROOT; };
		85F69EAA1AFD3A9700382168 /* AppKit.framework */ = {isa = PBXFileReference; lastKnownFileType = wrapper.framework; name = AppKit.framework; path = System/Library/Frameworks/AppKit.framework; sourceTree = SDKROOT; };
		85F69EAB1AFD3A9700382168 /* ApplicationServices.framework */ = {isa = PBXFileReference; lastKnownFileType = wrapper.framework; name = ApplicationServices.framework; path = System/Library/Frameworks/ApplicationServices.framework; sourceTree = SDKROOT; };
		85F69EAC1AFD3A9700382168 /* OpenGL.framework */ = {isa = PBXFileReference; lastKnownFileType = wrapper.framework; name = OpenGL.framework; path = System/Library/Frameworks/OpenGL.framework; sourceTree = SDKROOT; };
		85F69EAD1AFD3A9700382168 /* QuickTime.framework */ = {isa = PBXFileReference; lastKnownFileType = wrapper.framework; name = QuickTime.framework; path = System/Library/Frameworks/QuickTime.framework; sourceTree = SDKROOT; };
		9C40AF75BC59BE70643662BD /* FTOutlineGlyph.h */ = {isa = PBXFileReference; explicitFileType = sourcecode.c.h; fileEncoding = 30; name = FTOutlineGlyph.h; path = ../../../addons/ofxFTGL/libs/FTGL/include/FTGL/FTOutlineGlyph.h; sourceTree = SOURCE_ROOT; };
		9F76AEFE9A7818CD434F7AAA /* FTGLTextureFont.h */ = {isa = PBXFileReference; explicitFileType = sourcecode.c.h; fileEncoding = 30; name = FTGLTextureFont.h; path = ../../../addons/ofxFTGL/libs/FTGL/include/FTGL/FTGLTextureFont.h; sourceTree = SOURCE_ROOT; };
		A5663FFE9C8ACE440C6C4946 /* FTPoint.h */ = {isa = PBXFileReference; explicitFileType = sourcecode.c.h; fileEncoding = 30; name = FTPoint.h; path = ../../../addons/ofxFTGL/libs/FTGL/include/FTGL/FTPoint.h; sourceTree = SOURCE_ROOT; };
		A912ED542BAC280CB1006F88 /* FTSimpleLayout.h */ = {isa = PBXFileReference; explicitFileType = sourcecode.c.h; fileEncoding = 30; name = FTSimpleLayout.h; path = ../../../addons/ofxFTGL/libs/FTGL/include/FTGL/FTSimpleLayout.h; sourceTree = SOURCE_ROOT; };
		AC2AEA6C14347C3575CEA29E /* FTFont.h */ = {isa = PBXFileReference; explicitFileType = sourcecode.c.h; fileEncoding = 30; name = FTFont.h; path = ../../../addons/ofxFTGL/libs/FTGL/include/FTGL/FTFont.h; sourceTree = SOURCE_ROOT; };
		B30510610D842EA4F23DB0E8 /* FTPolyGlyph.h */ = {isa = PBXFileReference; explicitFileType = sourcecode.c.h; fileEncoding = 30; name = FTPolyGlyph.h; path = ../../../addons/ofxFTGL/libs/FTGL/include/FTGL/FTPolyGlyph.h; sourceTree = SOURCE_ROOT; };
		BA3B9844FBB94D2D5FA2FFC1 /* FTGLExtrdFont.h */ = {isa = PBXFileReference; explicitFileType = sourcecode.c.h; fileEncoding = 30; name = FTGLExtrdFont.h; path = ../../../addons/ofxFTGL/libs/FTGL/include/FTGL/FTGLExtrdFont.h; sourceTree = SOURCE_ROOT; };
		BC304E464DF4FEA7B9DB0467 /* FTExtrdGlyph.h */ = {isa = PBXFileReference; explicitFileType = sourcecode.c.h; fileEncoding = 30; name = FTExtrdGlyph.h; path = ../../../addons/ofxFTGL/libs/FTGL/include/FTGL/FTExtrdGlyph.h; sourceTree = SOURCE_ROOT; };
		CED0D17128EB429A779122D8 /* FTBufferGlyph.h */ = {isa = PBXFileReference; explicitFileType = sourcecode.c.h; fileEncoding = 30; name = FTBufferGlyph.h; path = ../../../addons/ofxFTGL/libs/FTGL/include/FTGL/FTBufferGlyph.h; sourceTree = SOURCE_ROOT; };
		D1CE3CCD8E49CA9953153DB0 /* FTLayout.h */ = {isa = PBXFileReference; explicitFileType = sourcecode.c.h; fileEncoding = 30; name = FTLayout.h; path = ../../../addons/ofxFTGL/libs/FTGL/include/FTGL/FTLayout.h; sourceTree = SOURCE_ROOT; };
		E4328143138ABC890047C5CB /* openFrameworksLib.xcodeproj */ = {isa = PBXFileReference; lastKnownFileType = "wrapper.pb-project"; name = openFrameworksLib.xcodeproj; path = ../../../libs/openFrameworksCompiled/project/osx/openFrameworksLib.xcodeproj; sourceTree = SOURCE_ROOT; };
		E4B69B5B0A3A1756003C02F2 /* example-ftwDebug.app */ = {isa = PBXFileReference; explicitFileType = wrapper.application; includeInIndex = 0; path = "example-ftwDebug.app"; sourceTree = BUILT_PRODUCTS_DIR; };
		E4B69E1D0A3A1BDC003C02F2 /* main.cpp */ = {isa = PBXFileReference; fileEncoding = 30; lastKnownFileType = sourcecode.cpp.cpp; name = main.cpp; path = src/main.cpp; sourceTree = SOURCE_ROOT; };
		E4B69E1E0A3A1BDC003C02F2 /* ofApp.cpp */ = {isa = PBXFileReference; explicitFileType = sourcecode.cpp.cpp; fileEncoding = 30; name = ofApp.cpp; path = src/ofApp.cpp; sourceTree = SOURCE_ROOT; };
		E4B69E1F0A3A1BDC003C02F2 /* ofApp.h */ = {isa = PBXFileReference; fileEncoding = 30; lastKnownFileType = sourcecode.c.h; name = ofApp.h; path = src/ofApp.h; sourceTree = SOURCE_ROOT; };
		E4B6FCAD0C3E899E008CF71C /* openFrameworks-Info.plist */ = {isa = PBXFileReference; fileEncoding = 30; lastKnownFileType = text.plist.xml; path = "openFrameworks-Info.plist"; sourceTree = "<group>"; };
		E4EB691F138AFCF100A09F29 /* CoreOF.xcconfig */ = {isa = PBXFileReference; fileEncoding = 4; lastKnownFileType = text.xcconfig; name = CoreOF.xcconfig; path = ../../../libs/openFrameworksCompiled/project/osx/CoreOF.xcconfig; sourceTree = SOURCE_ROOT; };
		E4EB6923138AFD0F00A09F29 /* Project.xcconfig */ = {isa = PBXFileReference; fileEncoding = 4; lastKnownFileType = text.xcconfig; path = Project.xcconfig; sourceTree = "<group>"; };
		E551C9893B56F806BFA76272 /* FTGLPolygonFont.h */ = {isa = PBXFileReference; explicitFileType = sourcecode.c.h; fileEncoding = 30; name = FTGLPolygonFont.h; path = ../../../addons/ofxFTGL/libs/FTGL/include/FTGL/FTGLPolygonFont.h; sourceTree = SOURCE_ROOT; };
		E612CCF397977E5C4BF6BC94 /* ofxFTGLFont.cpp */ = {isa = PBXFileReference; explicitFileType = sourcecode.cpp.cpp; fileEncoding = 30; name = ofxFTGLFont.cpp; path = ../../../addons/ofxFTGL/src/ofxFTGLFont.cpp; sourceTree = SOURCE_ROOT; };
/* End PBXFileReference section */

/* Begin PBXFrameworksBuildPhase section */
		E4B69B590A3A1756003C02F2 /* Frameworks */ = {
			isa = PBXFrameworksBuildPhase;
			buildActionMask = 2147483647;
			files = (
				E4328149138ABC9F0047C5CB /* openFrameworksDebug.a in Frameworks */,
				85F69EA21AFD39F400382168 /* AVFoundation.framework in Frameworks */,
				85F69E871AFD391200382168 /* CoreMedia.framework in Frameworks */,
				85F69E911AFD395A00382168 /* CoreData.framework in Frameworks */,
				85F69EA41AFD3A2E00382168 /* QuartzCore.framework in Frameworks */,
				85F69EA61AFD3A3500382168 /* Accelerate.framework in Frameworks */,
				85F69E8F1AFD395000382168 /* CFNetwork.framework in Frameworks */,
				85F69EA81AFD3A4300382168 /* QTKit.framework in Frameworks */,
				85F69EAE1AFD3A9700382168 /* AGL.framework in Frameworks */,
				85F69EAF1AFD3A9800382168 /* AppKit.framework in Frameworks */,
				85F69EB01AFD3A9800382168 /* ApplicationServices.framework in Frameworks */,
				85F69EB11AFD3A9800382168 /* OpenGL.framework in Frameworks */,
				85F69EB21AFD3A9800382168 /* QuickTime.framework in Frameworks */,
				85F69E8B1AFD393300382168 /* CoreAudio.framework in Frameworks */,
				85F69E8C1AFD393300382168 /* CoreGraphics.framework in Frameworks */,
				85F69E8D1AFD393300382168 /* CoreVideo.framework in Frameworks */,
				85F69E931AFD397100382168 /* CoreAudioKit.framework in Frameworks */,
				85F69E951AFD397E00382168 /* Foundation.framework in Frameworks */,
				85F69E991AFD399300382168 /* IOKit.framework in Frameworks */,
				85F69E971AFD398600382168 /* GLUT.framework in Frameworks */,
			);
			runOnlyForDeploymentPostprocessing = 0;
		};
/* End PBXFrameworksBuildPhase section */

/* Begin PBXGroup section */
		4A2D2ADB2F86B344049F4E46 /* FTGL */ = {
			isa = PBXGroup;
			children = (
				BDE86EF88054C51D5873409F /* include */,
			);
			name = FTGL;
			sourceTree = "<group>";
		};
		ADDCCF0BAA767B3D24DB0DA1 /* libs */ = {
			isa = PBXGroup;
			children = (
				4A2D2ADB2F86B344049F4E46 /* FTGL */,
			);
			name = libs;
			sourceTree = "<group>";
		};
		B547D3D5BDD9893E938359F4 /* FTGL */ = {
			isa = PBXGroup;
			children = (
				19ADE7F5C5EDF826406FC4CC /* FTBBox.h */,
				5EBA497D05DA95E2A6F44281 /* FTBitmapGlyph.h */,
				78A64E16FC3B0CAC6CB5899C /* FTBuffer.h */,
				13D4661604F5BABF84DAA315 /* FTBufferFont.h */,
				CED0D17128EB429A779122D8 /* FTBufferGlyph.h */,
				BC304E464DF4FEA7B9DB0467 /* FTExtrdGlyph.h */,
				AC2AEA6C14347C3575CEA29E /* FTFont.h */,
				5618C888C969D754438F104C /* ftgl.h */,
				388AAF8A80C304BB3E971E09 /* FTGLBitmapFont.h */,
				BA3B9844FBB94D2D5FA2FFC1 /* FTGLExtrdFont.h */,
				696049968167E0FE3ECBD586 /* FTGLOutlineFont.h */,
				5F73C5F56BF6015BB35D2CD7 /* FTGLPixmapFont.h */,
				E551C9893B56F806BFA76272 /* FTGLPolygonFont.h */,
				9F76AEFE9A7818CD434F7AAA /* FTGLTextureFont.h */,
				568E8FD76B1735A21AA12648 /* FTGlyph.h */,
				D1CE3CCD8E49CA9953153DB0 /* FTLayout.h */,
				9C40AF75BC59BE70643662BD /* FTOutlineGlyph.h */,
				7FCF5E91B968C17A96449D24 /* FTPixmapGlyph.h */,
				A5663FFE9C8ACE440C6C4946 /* FTPoint.h */,
				B30510610D842EA4F23DB0E8 /* FTPolyGlyph.h */,
				A912ED542BAC280CB1006F88 /* FTSimpleLayout.h */,
				29A2F28C1DE66F8FD733FB33 /* FTTextureGlyph.h */,
			);
			name = FTGL;
			sourceTree = "<group>";
		};
		BB4B014C10F69532006C3DED /* addons */ = {
			isa = PBXGroup;
			children = (
				CA3F382B01A67D889933EFD3 /* ofxFTGL */,
			);
			name = addons;
			sourceTree = "<group>";
		};
		BDE86EF88054C51D5873409F /* include */ = {
			isa = PBXGroup;
			children = (
				B547D3D5BDD9893E938359F4 /* FTGL */,
			);
			name = include;
			sourceTree = "<group>";
		};
		CA3F382B01A67D889933EFD3 /* ofxFTGL */ = {
			isa = PBXGroup;
			children = (
				DCFAD93157D5440FF608276A /* src */,
				ADDCCF0BAA767B3D24DB0DA1 /* libs */,
			);
			name = ofxFTGL;
			sourceTree = "<group>";
		};
		DCFAD93157D5440FF608276A /* src */ = {
			isa = PBXGroup;
			children = (
				4637FF94637045047AAAEEAD /* ofxFTGL.h */,
				E612CCF397977E5C4BF6BC94 /* ofxFTGLFont.cpp */,
				1ACFA260BE58B7A36EEA1448 /* ofxFTGLFont.h */,
				3C6AB2D7EED3856AAA37E28C /* ofxFTGLSimpleLayout.cpp */,
				537D6C28C3F9AF8D0847BE79 /* ofxFTGLSimpleLayout.h */,
			);
			name = src;
			sourceTree = "<group>";
		};
		E4328144138ABC890047C5CB /* Products */ = {
			isa = PBXGroup;
			children = (
				E4328148138ABC890047C5CB /* openFrameworksDebug.a */,
			);
			name = Products;
			sourceTree = "<group>";
		};
		E4B69B4A0A3A1720003C02F2 = {
			isa = PBXGroup;
			children = (
				85F69EA91AFD3A9700382168 /* AGL.framework */,
				85F69EAA1AFD3A9700382168 /* AppKit.framework */,
				85F69EAB1AFD3A9700382168 /* ApplicationServices.framework */,
				85F69EAC1AFD3A9700382168 /* OpenGL.framework */,
				85F69EAD1AFD3A9700382168 /* QuickTime.framework */,
				85F69EA71AFD3A4300382168 /* QTKit.framework */,
				85F69EA51AFD3A3500382168 /* Accelerate.framework */,
				85F69EA31AFD3A2E00382168 /* QuartzCore.framework */,
				85F69EA11AFD39F400382168 /* AVFoundation.framework */,
				85F69E9E1AFD39C100382168 /* AVKit.framework */,
				85F69E9C1AFD39AC00382168 /* Carbon.framework */,
				85F69E9A1AFD399A00382168 /* GLKit.framework */,
				85F69E981AFD399300382168 /* IOKit.framework */,
				85F69E961AFD398600382168 /* GLUT.framework */,
				85F69E941AFD397E00382168 /* Foundation.framework */,
				85F69E921AFD397100382168 /* CoreAudioKit.framework */,
				85F69E901AFD395A00382168 /* CoreData.framework */,
				85F69E8E1AFD395000382168 /* CFNetwork.framework */,
				85F69E881AFD393300382168 /* CoreAudio.framework */,
				85F69E891AFD393300382168 /* CoreGraphics.framework */,
				85F69E8A1AFD393300382168 /* CoreVideo.framework */,
				85F69E861AFD391200382168 /* CoreMedia.framework */,
				E4B6FCAD0C3E899E008CF71C /* openFrameworks-Info.plist */,
				E4EB6923138AFD0F00A09F29 /* Project.xcconfig */,
				E4B69E1C0A3A1BDC003C02F2 /* src */,
				E4EEC9E9138DF44700A80321 /* openFrameworks */,
				BB4B014C10F69532006C3DED /* addons */,
				E4B69B5B0A3A1756003C02F2 /* example-ftwDebug.app */,
			);
			sourceTree = "<group>";
		};
		E4B69E1C0A3A1BDC003C02F2 /* src */ = {
			isa = PBXGroup;
			children = (
				E4B69E1D0A3A1BDC003C02F2 /* main.cpp */,
				E4B69E1E0A3A1BDC003C02F2 /* ofApp.cpp */,
				E4B69E1F0A3A1BDC003C02F2 /* ofApp.h */,
			);
			path = src;
			sourceTree = SOURCE_ROOT;
		};
		E4EEC9E9138DF44700A80321 /* openFrameworks */ = {
			isa = PBXGroup;
			children = (
				E4EB691F138AFCF100A09F29 /* CoreOF.xcconfig */,
				E4328143138ABC890047C5CB /* openFrameworksLib.xcodeproj */,
			);
			name = openFrameworks;
			sourceTree = "<group>";
		};
/* End PBXGroup section */

/* Begin PBXNativeTarget section */
		E4B69B5A0A3A1756003C02F2 /* example-ftw */ = {
			isa = PBXNativeTarget;
			buildConfigurationList = E4B69B5F0A3A1757003C02F2 /* Build configuration list for PBXNativeTarget "example-ftw" */;
			buildPhases = (
				E4B69B580A3A1756003C02F2 /* Sources */,
				E4B69B590A3A1756003C02F2 /* Frameworks */,
				E4B6FFFD0C3F9AB9008CF71C /* ShellScript */,
				E4C2427710CC5ABF004149E2 /* CopyFiles */,
			);
			buildRules = (
			);
			dependencies = (
				E4EEB9AC138B136A00A80321 /* PBXTargetDependency */,
			);
			name = "example-ftw";
			productName = myOFApp;
			productReference = E4B69B5B0A3A1756003C02F2 /* example-ftwDebug.app */;
			productType = "com.apple.product-type.application";
		};
/* End PBXNativeTarget section */

/* Begin PBXProject section */
		E4B69B4C0A3A1720003C02F2 /* Project object */ = {
			isa = PBXProject;
			attributes = {
				LastUpgradeCheck = 0600;
			};
			buildConfigurationList = E4B69B4D0A3A1720003C02F2 /* Build configuration list for PBXProject "example-ftw" */;
			compatibilityVersion = "Xcode 3.2";
			developmentRegion = English;
			hasScannedForEncodings = 0;
			knownRegions = (
				English,
				Japanese,
				French,
				German,
			);
			mainGroup = E4B69B4A0A3A1720003C02F2;
			productRefGroup = E4B69B4A0A3A1720003C02F2;
			projectDirPath = "";
			projectReferences = (
				{
					ProductGroup = E4328144138ABC890047C5CB /* Products */;
					ProjectRef = E4328143138ABC890047C5CB /* openFrameworksLib.xcodeproj */;
				},
			);
			projectRoot = "";
			targets = (
				E4B69B5A0A3A1756003C02F2 /* example-ftw */,
			);
		};
/* End PBXProject section */

/* Begin PBXReferenceProxy section */
		E4328148138ABC890047C5CB /* openFrameworksDebug.a */ = {
			isa = PBXReferenceProxy;
			fileType = archive.ar;
			path = openFrameworksDebug.a;
			remoteRef = E4328147138ABC890047C5CB /* PBXContainerItemProxy */;
			sourceTree = BUILT_PRODUCTS_DIR;
		};
/* End PBXReferenceProxy section */

/* Begin PBXShellScriptBuildPhase section */
		E4B6FFFD0C3F9AB9008CF71C /* ShellScript */ = {
			isa = PBXShellScriptBuildPhase;
			buildActionMask = 2147483647;
			files = (
			);
			inputPaths = (
			);
			outputPaths = (
			);
			runOnlyForDeploymentPostprocessing = 0;
			shellPath = /bin/sh;
			shellScript = "cp -f ../../../libs/fmodex/lib/osx/libfmodex.dylib \"$TARGET_BUILD_DIR/$PRODUCT_NAME.app/Contents/MacOS/libfmodex.dylib\"; install_name_tool -change ./libfmodex.dylib @executable_path/libfmodex.dylib \"$TARGET_BUILD_DIR/$PRODUCT_NAME.app/Contents/MacOS/$PRODUCT_NAME\";\nmkdir -p \"$TARGET_BUILD_DIR/$PRODUCT_NAME.app/Contents/Resources/\"\ncp -f \"$ICON_FILE\" \"$TARGET_BUILD_DIR/$PRODUCT_NAME.app/Contents/Resources/\"\n";
		};
/* End PBXShellScriptBuildPhase section */

/* Begin PBXSourcesBuildPhase section */
		E4B69B580A3A1756003C02F2 /* Sources */ = {
			isa = PBXSourcesBuildPhase;
			buildActionMask = 2147483647;
			files = (
				E4B69E200A3A1BDC003C02F2 /* main.cpp in Sources */,
				E4B69E210A3A1BDC003C02F2 /* ofApp.cpp in Sources */,
				60025F3560DE3C8E3D75EB82 /* ofxFTGLFont.cpp in Sources */,
				676FD24AABFA7205A11029FB /* ofxFTGLSimpleLayout.cpp in Sources */,
			);
			runOnlyForDeploymentPostprocessing = 0;
		};
/* End PBXSourcesBuildPhase section */

/* Begin PBXTargetDependency section */
		E4EEB9AC138B136A00A80321 /* PBXTargetDependency */ = {
			isa = PBXTargetDependency;
			name = openFrameworks;
			targetProxy = E4EEB9AB138B136A00A80321 /* PBXContainerItemProxy */;
		};
/* End PBXTargetDependency section */

/* Begin XCBuildConfiguration section */
		E4B69B4E0A3A1720003C02F2 /* Debug */ = {
			isa = XCBuildConfiguration;
			baseConfigurationReference = E4EB6923138AFD0F00A09F29 /* Project.xcconfig */;
			buildSettings = {
				ARCHS = "$(ARCHS_STANDARD_32_BIT)";
				CONFIGURATION_BUILD_DIR = "$(SRCROOT)/bin/";
				COPY_PHASE_STRIP = NO;
				DEAD_CODE_STRIPPING = YES;
				GCC_AUTO_VECTORIZATION = YES;
				GCC_ENABLE_SSE3_EXTENSIONS = YES;
				GCC_ENABLE_SUPPLEMENTAL_SSE3_INSTRUCTIONS = YES;
				GCC_INLINES_ARE_PRIVATE_EXTERN = NO;
				GCC_OPTIMIZATION_LEVEL = 0;
				GCC_SYMBOLS_PRIVATE_EXTERN = NO;
				GCC_WARN_ABOUT_DEPRECATED_FUNCTIONS = YES;
				GCC_WARN_ABOUT_INVALID_OFFSETOF_MACRO = NO;
				GCC_WARN_ALLOW_INCOMPLETE_PROTOCOL = NO;
				GCC_WARN_UNINITIALIZED_AUTOS = NO;
				GCC_WARN_UNUSED_VALUE = NO;
				GCC_WARN_UNUSED_VARIABLE = NO;
				HEADER_SEARCH_PATHS = (
					"$(OF_CORE_HEADERS)",
					../../../addons/libs,
					../../../addons/src,
					src,
					../../../addons/ofxFTGL/libs,
					../../../addons/ofxFTGL/libs/FTGL,
					../../../addons/ofxFTGL/libs/FTGL/include,
					../../../addons/ofxFTGL/libs/FTGL/include/FTGL,
					../../../addons/ofxFTGL/libs/FTGL/lib,
					../../../addons/ofxFTGL/libs/FTGL/lib/osx,
					../../../addons/ofxFTGL/libs/FTGL/lib/vs64,
					../../../addons/ofxFTGL/src,
				);
				MACOSX_DEPLOYMENT_TARGET = 10.6;
				ONLY_ACTIVE_ARCH = YES;
				OTHER_CPLUSPLUSFLAGS = (
					"-D__MACOSX_CORE__",
					"-lpthread",
					"-mtune=native",
				);
				OTHER_LDFLAGS = (
					"$(OF_CORE_LIBS)",
					../../../addons/ofxFTGL/libs/FTGL/lib/osx/libftgl.a,
				);
				SDKROOT = macosx;
			};
			name = Debug;
		};
		E4B69B4F0A3A1720003C02F2 /* Release */ = {
			isa = XCBuildConfiguration;
			baseConfigurationReference = E4EB6923138AFD0F00A09F29 /* Project.xcconfig */;
			buildSettings = {
				ARCHS = "$(ARCHS_STANDARD_32_BIT)";
				CONFIGURATION_BUILD_DIR = "$(SRCROOT)/bin/";
				COPY_PHASE_STRIP = YES;
				DEAD_CODE_STRIPPING = YES;
				GCC_AUTO_VECTORIZATION = YES;
				GCC_ENABLE_SSE3_EXTENSIONS = YES;
				GCC_ENABLE_SUPPLEMENTAL_SSE3_INSTRUCTIONS = YES;
				GCC_INLINES_ARE_PRIVATE_EXTERN = NO;
				GCC_OPTIMIZATION_LEVEL = 3;
				GCC_SYMBOLS_PRIVATE_EXTERN = NO;
				GCC_UNROLL_LOOPS = YES;
				GCC_WARN_ABOUT_DEPRECATED_FUNCTIONS = YES;
				GCC_WARN_ABOUT_INVALID_OFFSETOF_MACRO = NO;
				GCC_WARN_ALLOW_INCOMPLETE_PROTOCOL = NO;
				GCC_WARN_UNINITIALIZED_AUTOS = NO;
				GCC_WARN_UNUSED_VALUE = NO;
				GCC_WARN_UNUSED_VARIABLE = NO;
				HEADER_SEARCH_PATHS = (
					"$(OF_CORE_HEADERS)",
					../../../addons/libs,
					../../../addons/src,
					src,
					../../../addons/ofxFTGL/libs,
					../../../addons/ofxFTGL/libs/FTGL,
					../../../addons/ofxFTGL/libs/FTGL/include,
					../../../addons/ofxFTGL/libs/FTGL/include/FTGL,
					../../../addons/ofxFTGL/libs/FTGL/lib,
					../../../addons/ofxFTGL/libs/FTGL/lib/osx,
					../../../addons/ofxFTGL/libs/FTGL/lib/vs64,
					../../../addons/ofxFTGL/src,
				);
				MACOSX_DEPLOYMENT_TARGET = 10.6;
				OTHER_CPLUSPLUSFLAGS = (
					"-D__MACOSX_CORE__",
					"-lpthread",
					"-mtune=native",
				);
				OTHER_LDFLAGS = (
					"$(OF_CORE_LIBS)",
					../../../addons/ofxFTGL/libs/FTGL/lib/osx/libftgl.a,
				);
				SDKROOT = macosx;
			};
			name = Release;
		};
		E4B69B600A3A1757003C02F2 /* Debug */ = {
			isa = XCBuildConfiguration;
			buildSettings = {
				COMBINE_HIDPI_IMAGES = YES;
				COPY_PHASE_STRIP = NO;
				FRAMEWORK_SEARCH_PATHS = (
					"$(inherited)",
					"$(FRAMEWORK_SEARCH_PATHS_QUOTED_FOR_TARGET_1)",
				);
				FRAMEWORK_SEARCH_PATHS_QUOTED_FOR_TARGET_1 = "\"$(SRCROOT)/../../../libs/glut/lib/osx\"";
				GCC_DYNAMIC_NO_PIC = NO;
				GCC_GENERATE_DEBUGGING_SYMBOLS = YES;
				GCC_MODEL_TUNING = NONE;
				ICON = "$(ICON_NAME_DEBUG)";
				ICON_FILE = "$(ICON_FILE_PATH)$(ICON)";
				INFOPLIST_FILE = "openFrameworks-Info.plist";
				INSTALL_PATH = "$(HOME)/Applications";
				LIBRARY_SEARCH_PATHS = "$(inherited)";
				PRODUCT_NAME = "$(TARGET_NAME)Debug";
				WRAPPER_EXTENSION = app;
			};
			name = Debug;
		};
		E4B69B610A3A1757003C02F2 /* Release */ = {
			isa = XCBuildConfiguration;
			buildSettings = {
				COMBINE_HIDPI_IMAGES = YES;
				COPY_PHASE_STRIP = YES;
				FRAMEWORK_SEARCH_PATHS = (
					"$(inherited)",
					"$(FRAMEWORK_SEARCH_PATHS_QUOTED_FOR_TARGET_1)",
				);
				FRAMEWORK_SEARCH_PATHS_QUOTED_FOR_TARGET_1 = "\"$(SRCROOT)/../../../libs/glut/lib/osx\"";
				GCC_GENERATE_DEBUGGING_SYMBOLS = YES;
				GCC_MODEL_TUNING = NONE;
				ICON = "$(ICON_NAME_RELEASE)";
				ICON_FILE = "$(ICON_FILE_PATH)$(ICON)";
				INFOPLIST_FILE = "openFrameworks-Info.plist";
				INSTALL_PATH = "$(HOME)/Applications";
				LIBRARY_SEARCH_PATHS = "$(inherited)";
				PRODUCT_NAME = "$(TARGET_NAME)";
				WRAPPER_EXTENSION = app;
			};
			name = Release;
		};
/* End XCBuildConfiguration section */

/* Begin XCConfigurationList section */
		E4B69B4D0A3A1720003C02F2 /* Build configuration list for PBXProject "example-ftw" */ = {
			isa = XCConfigurationList;
			buildConfigurations = (
				E4B69B4E0A3A1720003C02F2 /* Debug */,
				E4B69B4F0A3A1720003C02F2 /* Release */,
			);
			defaultConfigurationIsVisible = 0;
			defaultConfigurationName = Release;
		};
		E4B69B5F0A3A1757003C02F2 /* Build configuration list for PBXNativeTarget "example-ftw" */ = {
			isa = XCConfigurationList;
			buildConfigurations = (
				E4B69B600A3A1757003C02F2 /* Debug */,
				E4B69B610A3A1757003C02F2 /* Release */,
			);
			defaultConfigurationIsVisible = 0;
			defaultConfigurationName = Release;
		};
/* End XCConfigurationList section */
	};
	rootObject = E4B69B4C0A3A1720003C02F2 /* Project object */;
}
